
Microsoft Visual Studio Solution File, Format Version 12.00
# Visual Studio Version 16
VisualStudioVersion = 16.0.30804.86
MinimumVisualStudioVersion = 10.0.40219.1
Project("{FAE04EC0-301F-11D3-BF4B-00C04F79EFBC}") = "Semestral", "Semestral\Semestral.csproj", "{AD4FE7A7-0FC6-4388-88EF-C535463C4241}"
EndProject
Global
	GlobalSection(SolutionConfigurationPlatforms) = preSolution
		Debug|Any CPU = Debug|Any CPU
		Release|Any CPU = Release|Any CPU
	EndGlobalSection
	GlobalSection(ProjectConfigurationPlatforms) = postSolution
		{AD4FE7A7-0FC6-4388-88EF-C535463C4241}.Debug|Any CPU.ActiveCfg = Debug|Any CPU
		{AD4FE7A7-0FC6-4388-88EF-C535463C4241}.Debug|Any CPU.Build.0 = Debug|Any CPU
		{AD4FE7A7-0FC6-4388-88EF-C535463C4241}.Release|Any CPU.ActiveCfg = Release|Any CPU
		{AD4FE7A7-0FC6-4388-88EF-C535463C4241}.Release|Any CPU.Build.0 = Release|Any CPU
	EndGlobalSection
	GlobalSection(SolutionProperties) = preSolution
		HideSolutionNode = FALSE
	EndGlobalSection
	GlobalSection(ExtensibilityGlobals) = postSolution
		SolutionGuid = {FFDD5A1B-9A42-4B45-89E8-16A292B6098F}
	EndGlobalSection
EndGlobal
